
Microsoft Visual Studio Solution File, Format Version 12.00
Project("{FAE04EC0-301F-11D3-BF4B-00C04F79EFBC}") = "KafkaProducer", "producer\KafkaProducer.csproj", "{3ABAEFC3-559B-4973-BA4B-3FE4A532D3F0}"
EndProject
Project("{FAE04EC0-301F-11D3-BF4B-00C04F79EFBC}") = "KafkaProducerTests", "tests\KafkaProducerTests.csproj", "{B97434AE-F919-4E5F-9C6E-B96C31BB13F6}"
EndProject
Global
	GlobalSection(SolutionConfigurationPlatforms) = preSolution
		Debug|Any CPU = Debug|Any CPU
		Release|Any CPU = Release|Any CPU
	EndGlobalSection
	GlobalSection(ProjectConfigurationPlatforms) = postSolution
		{3ABAEFC3-559B-4973-BA4B-3FE4A532D3F0}.Debug|Any CPU.ActiveCfg = Debug|Any CPU
		{3ABAEFC3-559B-4973-BA4B-3FE4A532D3F0}.Debug|Any CPU.Build.0 = Debug|Any CPU
		{3ABAEFC3-559B-4973-BA4B-3FE4A532D3F0}.Release|Any CPU.ActiveCfg = Release|Any CPU
		{3ABAEFC3-559B-4973-BA4B-3FE4A532D3F0}.Release|Any CPU.Build.0 = Release|Any CPU
		{B97434AE-F919-4E5F-9C6E-B96C31BB13F6}.Debug|Any CPU.ActiveCfg = Debug|Any CPU
		{B97434AE-F919-4E5F-9C6E-B96C31BB13F6}.Debug|Any CPU.Build.0 = Debug|Any CPU
		{B97434AE-F919-4E5F-9C6E-B96C31BB13F6}.Release|Any CPU.ActiveCfg = Release|Any CPU
		{B97434AE-F919-4E5F-9C6E-B96C31BB13F6}.Release|Any CPU.Build.0 = Release|Any CPU
	EndGlobalSection
EndGlobal
