
Microsoft Visual Studio Solution File, Format Version 12.00
Project("{FAE04EC0-301F-11D3-BF4B-00C04F79EFBC}") = "KafkaProducer", "kafkaproducer\KafkaProducer.csproj", "{6172BA43-D901-496B-B6AA-52A912A5FB19}"
EndProject
Project("{FAE04EC0-301F-11D3-BF4B-00C04F79EFBC}") = "KafkaProducerTests", "kafkaproducertests\KafkaProducerTests.csproj", "{3F8AECFB-F7B0-4D6C-9A50-3BFE1624C11E}"
EndProject
Global
	GlobalSection(SolutionConfigurationPlatforms) = preSolution
		Debug|Any CPU = Debug|Any CPU
		Release|Any CPU = Release|Any CPU
	EndGlobalSection
	GlobalSection(ProjectConfigurationPlatforms) = postSolution
		{6172BA43-D901-496B-B6AA-52A912A5FB19}.Debug|Any CPU.ActiveCfg = Debug|Any CPU
		{6172BA43-D901-496B-B6AA-52A912A5FB19}.Debug|Any CPU.Build.0 = Debug|Any CPU
		{6172BA43-D901-496B-B6AA-52A912A5FB19}.Release|Any CPU.ActiveCfg = Release|Any CPU
		{6172BA43-D901-496B-B6AA-52A912A5FB19}.Release|Any CPU.Build.0 = Release|Any CPU
		{3F8AECFB-F7B0-4D6C-9A50-3BFE1624C11E}.Debug|Any CPU.ActiveCfg = Debug|Any CPU
		{3F8AECFB-F7B0-4D6C-9A50-3BFE1624C11E}.Debug|Any CPU.Build.0 = Debug|Any CPU
		{3F8AECFB-F7B0-4D6C-9A50-3BFE1624C11E}.Release|Any CPU.ActiveCfg = Release|Any CPU
		{3F8AECFB-F7B0-4D6C-9A50-3BFE1624C11E}.Release|Any CPU.Build.0 = Release|Any CPU
	EndGlobalSection
EndGlobal
