
Microsoft Visual Studio Solution File, Format Version 12.00
Project("{FAE04EC0-301F-11D3-BF4B-00C04F79EFBC}") = "KafkaProducerTests", "src\KafkaProducerTests.csproj", "{63682712-5798-490F-9EE7-04869E8B0FAF}"
EndProject
Project("{FAE04EC0-301F-11D3-BF4B-00C04F79EFBC}") = "KafkaProducer", "KafkaProducer\KafkaProducer.csproj", "{E2DB4AAB-5BEA-486C-BA09-2E2075D427CC}"
EndProject
Global
	GlobalSection(SolutionConfigurationPlatforms) = preSolution
		Debug|Any CPU = Debug|Any CPU
		Release|Any CPU = Release|Any CPU
	EndGlobalSection
	GlobalSection(ProjectConfigurationPlatforms) = postSolution
		{63682712-5798-490F-9EE7-04869E8B0FAF}.Debug|Any CPU.ActiveCfg = Debug|Any CPU
		{63682712-5798-490F-9EE7-04869E8B0FAF}.Debug|Any CPU.Build.0 = Debug|Any CPU
		{63682712-5798-490F-9EE7-04869E8B0FAF}.Release|Any CPU.ActiveCfg = Release|Any CPU
		{63682712-5798-490F-9EE7-04869E8B0FAF}.Release|Any CPU.Build.0 = Release|Any CPU
		{E2DB4AAB-5BEA-486C-BA09-2E2075D427CC}.Debug|Any CPU.ActiveCfg = Debug|Any CPU
		{E2DB4AAB-5BEA-486C-BA09-2E2075D427CC}.Debug|Any CPU.Build.0 = Debug|Any CPU
		{E2DB4AAB-5BEA-486C-BA09-2E2075D427CC}.Release|Any CPU.ActiveCfg = Release|Any CPU
		{E2DB4AAB-5BEA-486C-BA09-2E2075D427CC}.Release|Any CPU.Build.0 = Release|Any CPU
	EndGlobalSection
EndGlobal
